
Microsoft Visual Studio Solution File, Format Version 12.00
Project("{FAE04EC0-301F-11D3-BF4B-00C04F79EFBC}") = "Lab0", "Lab0\Lab0.csproj", "{03A7B7D4-B80B-41FC-9EA1-328369A3439C}"
EndProject
Project("{2150E333-8FDC-42A3-9474-1A3956D46DE8}") = "Lab1", "Lab1", "{1C6EF228-C54C-4B51-BA5F-82EEDD6F62C9}"
EndProject
Project("{FAE04EC0-301F-11D3-BF4B-00C04F79EFBC}") = "Lab1_Server", "Lab1_Server\Lab1_Server.csproj", "{F447E689-4869-43C2-9013-01D0A8555E09}"
EndProject
Project("{FAE04EC0-301F-11D3-BF4B-00C04F79EFBC}") = "Lab1_Client", "Lab1_Client\Lab1_Client.csproj", "{F5A0C98B-5CA9-4ACE-B9C3-BC4BAC771605}"
EndProject
Project("{2150E333-8FDC-42A3-9474-1A3956D46DE8}") = "Lab2", "Lab2", "{EFEC1E7B-9FE6-459E-9984-D9AE73495ECD}"
EndProject
Project("{FAE04EC0-301F-11D3-BF4B-00C04F79EFBC}") = "Lab2_Server", "Lab2_Server\Lab2_Server.csproj", "{B5DE7F65-A99A-44A9-9505-054F2C580CD7}"
EndProject
Project("{FAE04EC0-301F-11D3-BF4B-00C04F79EFBC}") = "Lab2_Client", "Lab2_Client\Lab2_Client.csproj", "{7D42C516-1E71-46B6-AED8-35FAA758221A}"
EndProject
Project("{2150E333-8FDC-42A3-9474-1A3956D46DE8}") = "Lab3", "Lab3", "{EB876338-7602-4ACF-A2CD-6F4EAD9D0CEC}"
EndProject
Project("{FAE04EC0-301F-11D3-BF4B-00C04F79EFBC}") = "Lab3_Server", "Lab3_Server\Lab3_Server.csproj", "{B4F07E29-95DE-4BD6-8B9C-AF18B044A14F}"
EndProject
Project("{FAE04EC0-301F-11D3-BF4B-00C04F79EFBC}") = "Lab3_Client", "Lab3_Client\Lab3_Client.csproj", "{2FCB5C45-45D2-480A-AE50-F2A570A0B945}"
EndProject
Project("{2150E333-8FDC-42A3-9474-1A3956D46DE8}") = "Lab4", "Lab4", "{2354A28F-9BBD-467D-8DAE-28098C16550C}"
EndProject
Project("{FAE04EC0-301F-11D3-BF4B-00C04F79EFBC}") = "Lab4_Server", "Lab4_Server\Lab4_Server.csproj", "{EE401249-35B1-4F3F-8408-EE4B966373C2}"
EndProject
Project("{FAE04EC0-301F-11D3-BF4B-00C04F79EFBC}") = "Lab4_Client", "Lab4_Client\Lab4_Client.csproj", "{370CE010-0B38-4340-9880-9A388EDDA89B}"
EndProject
Project("{FAE04EC0-301F-11D3-BF4B-00C04F79EFBC}") = "Lab4_Common", "Lab4_Common\Lab4_Common.csproj", "{8E568EE6-D83B-4751-89CC-38DD5F11F554}"
EndProject
Global
	GlobalSection(SolutionConfigurationPlatforms) = preSolution
		Debug|Any CPU = Debug|Any CPU
		Release|Any CPU = Release|Any CPU
	EndGlobalSection
	GlobalSection(ProjectConfigurationPlatforms) = postSolution
		{03A7B7D4-B80B-41FC-9EA1-328369A3439C}.Debug|Any CPU.ActiveCfg = Debug|Any CPU
		{03A7B7D4-B80B-41FC-9EA1-328369A3439C}.Debug|Any CPU.Build.0 = Debug|Any CPU
		{03A7B7D4-B80B-41FC-9EA1-328369A3439C}.Release|Any CPU.ActiveCfg = Release|Any CPU
		{03A7B7D4-B80B-41FC-9EA1-328369A3439C}.Release|Any CPU.Build.0 = Release|Any CPU
		{F447E689-4869-43C2-9013-01D0A8555E09}.Debug|Any CPU.ActiveCfg = Debug|Any CPU
		{F447E689-4869-43C2-9013-01D0A8555E09}.Debug|Any CPU.Build.0 = Debug|Any CPU
		{F447E689-4869-43C2-9013-01D0A8555E09}.Release|Any CPU.ActiveCfg = Release|Any CPU
		{F447E689-4869-43C2-9013-01D0A8555E09}.Release|Any CPU.Build.0 = Release|Any CPU
		{F5A0C98B-5CA9-4ACE-B9C3-BC4BAC771605}.Debug|Any CPU.ActiveCfg = Debug|Any CPU
		{F5A0C98B-5CA9-4ACE-B9C3-BC4BAC771605}.Debug|Any CPU.Build.0 = Debug|Any CPU
		{F5A0C98B-5CA9-4ACE-B9C3-BC4BAC771605}.Release|Any CPU.ActiveCfg = Release|Any CPU
		{F5A0C98B-5CA9-4ACE-B9C3-BC4BAC771605}.Release|Any CPU.Build.0 = Release|Any CPU
		{B5DE7F65-A99A-44A9-9505-054F2C580CD7}.Debug|Any CPU.ActiveCfg = Debug|Any CPU
		{B5DE7F65-A99A-44A9-9505-054F2C580CD7}.Debug|Any CPU.Build.0 = Debug|Any CPU
		{B5DE7F65-A99A-44A9-9505-054F2C580CD7}.Release|Any CPU.ActiveCfg = Release|Any CPU
		{B5DE7F65-A99A-44A9-9505-054F2C580CD7}.Release|Any CPU.Build.0 = Release|Any CPU
		{7D42C516-1E71-46B6-AED8-35FAA758221A}.Debug|Any CPU.ActiveCfg = Debug|Any CPU
		{7D42C516-1E71-46B6-AED8-35FAA758221A}.Debug|Any CPU.Build.0 = Debug|Any CPU
		{7D42C516-1E71-46B6-AED8-35FAA758221A}.Release|Any CPU.ActiveCfg = Release|Any CPU
		{7D42C516-1E71-46B6-AED8-35FAA758221A}.Release|Any CPU.Build.0 = Release|Any CPU
		{B4F07E29-95DE-4BD6-8B9C-AF18B044A14F}.Debug|Any CPU.ActiveCfg = Debug|Any CPU
		{B4F07E29-95DE-4BD6-8B9C-AF18B044A14F}.Debug|Any CPU.Build.0 = Debug|Any CPU
		{B4F07E29-95DE-4BD6-8B9C-AF18B044A14F}.Release|Any CPU.ActiveCfg = Release|Any CPU
		{B4F07E29-95DE-4BD6-8B9C-AF18B044A14F}.Release|Any CPU.Build.0 = Release|Any CPU
		{2FCB5C45-45D2-480A-AE50-F2A570A0B945}.Debug|Any CPU.ActiveCfg = Debug|Any CPU
		{2FCB5C45-45D2-480A-AE50-F2A570A0B945}.Debug|Any CPU.Build.0 = Debug|Any CPU
		{2FCB5C45-45D2-480A-AE50-F2A570A0B945}.Release|Any CPU.ActiveCfg = Release|Any CPU
		{2FCB5C45-45D2-480A-AE50-F2A570A0B945}.Release|Any CPU.Build.0 = Release|Any CPU
		{EE401249-35B1-4F3F-8408-EE4B966373C2}.Debug|Any CPU.ActiveCfg = Debug|Any CPU
		{EE401249-35B1-4F3F-8408-EE4B966373C2}.Debug|Any CPU.Build.0 = Debug|Any CPU
		{EE401249-35B1-4F3F-8408-EE4B966373C2}.Release|Any CPU.ActiveCfg = Release|Any CPU
		{EE401249-35B1-4F3F-8408-EE4B966373C2}.Release|Any CPU.Build.0 = Release|Any CPU
		{370CE010-0B38-4340-9880-9A388EDDA89B}.Debug|Any CPU.ActiveCfg = Debug|Any CPU
		{370CE010-0B38-4340-9880-9A388EDDA89B}.Debug|Any CPU.Build.0 = Debug|Any CPU
		{370CE010-0B38-4340-9880-9A388EDDA89B}.Release|Any CPU.ActiveCfg = Release|Any CPU
		{370CE010-0B38-4340-9880-9A388EDDA89B}.Release|Any CPU.Build.0 = Release|Any CPU
		{8E568EE6-D83B-4751-89CC-38DD5F11F554}.Debug|Any CPU.ActiveCfg = Debug|Any CPU
		{8E568EE6-D83B-4751-89CC-38DD5F11F554}.Debug|Any CPU.Build.0 = Debug|Any CPU
		{8E568EE6-D83B-4751-89CC-38DD5F11F554}.Release|Any CPU.ActiveCfg = Release|Any CPU
		{8E568EE6-D83B-4751-89CC-38DD5F11F554}.Release|Any CPU.Build.0 = Release|Any CPU
	EndGlobalSection
	GlobalSection(NestedProjects) = preSolution
		{F447E689-4869-43C2-9013-01D0A8555E09} = {1C6EF228-C54C-4B51-BA5F-82EEDD6F62C9}
		{F5A0C98B-5CA9-4ACE-B9C3-BC4BAC771605} = {1C6EF228-C54C-4B51-BA5F-82EEDD6F62C9}
		{B5DE7F65-A99A-44A9-9505-054F2C580CD7} = {EFEC1E7B-9FE6-459E-9984-D9AE73495ECD}
		{7D42C516-1E71-46B6-AED8-35FAA758221A} = {EFEC1E7B-9FE6-459E-9984-D9AE73495ECD}
		{B4F07E29-95DE-4BD6-8B9C-AF18B044A14F} = {EB876338-7602-4ACF-A2CD-6F4EAD9D0CEC}
		{2FCB5C45-45D2-480A-AE50-F2A570A0B945} = {EB876338-7602-4ACF-A2CD-6F4EAD9D0CEC}
		{EE401249-35B1-4F3F-8408-EE4B966373C2} = {2354A28F-9BBD-467D-8DAE-28098C16550C}
		{370CE010-0B38-4340-9880-9A388EDDA89B} = {2354A28F-9BBD-467D-8DAE-28098C16550C}
		{8E568EE6-D83B-4751-89CC-38DD5F11F554} = {2354A28F-9BBD-467D-8DAE-28098C16550C}
	EndGlobalSection
EndGlobal
