
Microsoft Visual Studio Solution File, Format Version 12.00
Project("{FAE04EC0-301F-11D3-BF4B-00C04F79EFBC}") = "Lab0", "Lab0\Lab0.csproj", "{03A7B7D4-B80B-41FC-9EA1-328369A3439C}"
EndProject
Project("{2150E333-8FDC-42A3-9474-1A3956D46DE8}") = "Lab1", "Lab1", "{1C6EF228-C54C-4B51-BA5F-82EEDD6F62C9}"
EndProject
Project("{FAE04EC0-301F-11D3-BF4B-00C04F79EFBC}") = "Lab1_Server", "Lab1_Server\Lab1_Server.csproj", "{F447E689-4869-43C2-9013-01D0A8555E09}"
EndProject
Project("{FAE04EC0-301F-11D3-BF4B-00C04F79EFBC}") = "Lab1_Client", "Lab1_Client\Lab1_Client.csproj", "{F5A0C98B-5CA9-4ACE-B9C3-BC4BAC771605}"
EndProject
Project("{2150E333-8FDC-42A3-9474-1A3956D46DE8}") = "Lab2", "Lab2", "{EFEC1E7B-9FE6-459E-9984-D9AE73495ECD}"
EndProject
Project("{FAE04EC0-301F-11D3-BF4B-00C04F79EFBC}") = "Lab2_Server", "Lab2_Server\Lab2_Server.csproj", "{B5DE7F65-A99A-44A9-9505-054F2C580CD7}"
EndProject
Project("{FAE04EC0-301F-11D3-BF4B-00C04F79EFBC}") = "Lab2_Client", "Lab2_Client\Lab2_Client.csproj", "{7D42C516-1E71-46B6-AED8-35FAA758221A}"
EndProject
Global
	GlobalSection(SolutionConfigurationPlatforms) = preSolution
		Debug|Any CPU = Debug|Any CPU
		Release|Any CPU = Release|Any CPU
	EndGlobalSection
	GlobalSection(ProjectConfigurationPlatforms) = postSolution
		{03A7B7D4-B80B-41FC-9EA1-328369A3439C}.Debug|Any CPU.ActiveCfg = Debug|Any CPU
		{03A7B7D4-B80B-41FC-9EA1-328369A3439C}.Debug|Any CPU.Build.0 = Debug|Any CPU
		{03A7B7D4-B80B-41FC-9EA1-328369A3439C}.Release|Any CPU.ActiveCfg = Release|Any CPU
		{03A7B7D4-B80B-41FC-9EA1-328369A3439C}.Release|Any CPU.Build.0 = Release|Any CPU
		{F447E689-4869-43C2-9013-01D0A8555E09}.Debug|Any CPU.ActiveCfg = Debug|Any CPU
		{F447E689-4869-43C2-9013-01D0A8555E09}.Debug|Any CPU.Build.0 = Debug|Any CPU
		{F447E689-4869-43C2-9013-01D0A8555E09}.Release|Any CPU.ActiveCfg = Release|Any CPU
		{F447E689-4869-43C2-9013-01D0A8555E09}.Release|Any CPU.Build.0 = Release|Any CPU
		{F5A0C98B-5CA9-4ACE-B9C3-BC4BAC771605}.Debug|Any CPU.ActiveCfg = Debug|Any CPU
		{F5A0C98B-5CA9-4ACE-B9C3-BC4BAC771605}.Debug|Any CPU.Build.0 = Debug|Any CPU
		{F5A0C98B-5CA9-4ACE-B9C3-BC4BAC771605}.Release|Any CPU.ActiveCfg = Release|Any CPU
		{F5A0C98B-5CA9-4ACE-B9C3-BC4BAC771605}.Release|Any CPU.Build.0 = Release|Any CPU
		{B5DE7F65-A99A-44A9-9505-054F2C580CD7}.Debug|Any CPU.ActiveCfg = Debug|Any CPU
		{B5DE7F65-A99A-44A9-9505-054F2C580CD7}.Debug|Any CPU.Build.0 = Debug|Any CPU
		{B5DE7F65-A99A-44A9-9505-054F2C580CD7}.Release|Any CPU.ActiveCfg = Release|Any CPU
		{B5DE7F65-A99A-44A9-9505-054F2C580CD7}.Release|Any CPU.Build.0 = Release|Any CPU
		{7D42C516-1E71-46B6-AED8-35FAA758221A}.Debug|Any CPU.ActiveCfg = Debug|Any CPU
		{7D42C516-1E71-46B6-AED8-35FAA758221A}.Debug|Any CPU.Build.0 = Debug|Any CPU
		{7D42C516-1E71-46B6-AED8-35FAA758221A}.Release|Any CPU.ActiveCfg = Release|Any CPU
		{7D42C516-1E71-46B6-AED8-35FAA758221A}.Release|Any CPU.Build.0 = Release|Any CPU
	EndGlobalSection
	GlobalSection(NestedProjects) = preSolution
		{F447E689-4869-43C2-9013-01D0A8555E09} = {1C6EF228-C54C-4B51-BA5F-82EEDD6F62C9}
		{F5A0C98B-5CA9-4ACE-B9C3-BC4BAC771605} = {1C6EF228-C54C-4B51-BA5F-82EEDD6F62C9}
		{B5DE7F65-A99A-44A9-9505-054F2C580CD7} = {EFEC1E7B-9FE6-459E-9984-D9AE73495ECD}
		{7D42C516-1E71-46B6-AED8-35FAA758221A} = {EFEC1E7B-9FE6-459E-9984-D9AE73495ECD}
	EndGlobalSection
EndGlobal
